
Microsoft Visual Studio Solution File, Format Version 12.00
# Visual Studio 15
VisualStudioVersion = 15.0.28307.329
MinimumVisualStudioVersion = 10.0.40219.1
Project("{FAE04EC0-301F-11D3-BF4B-00C04F79EFBC}") = "KeyOverlay", "KeyOverlay\KeyOverlay.csproj", "{1B033F3F-E3F8-4995-B23B-53EDC247A72F}"
EndProject
Global
	GlobalSection(SolutionConfigurationPlatforms) = preSolution
		Debug|Any CPU = Debug|Any CPU
		Release|Any CPU = Release|Any CPU
	EndGlobalSection
	GlobalSection(ProjectConfigurationPlatforms) = postSolution
		{1B033F3F-E3F8-4995-B23B-53EDC247A72F}.Debug|Any CPU.ActiveCfg = Debug|Any CPU
		{1B033F3F-E3F8-4995-B23B-53EDC247A72F}.Debug|Any CPU.Build.0 = Debug|Any CPU
		{1B033F3F-E3F8-4995-B23B-53EDC247A72F}.Release|Any CPU.ActiveCfg = Release|Any CPU
		{1B033F3F-E3F8-4995-B23B-53EDC247A72F}.Release|Any CPU.Build.0 = Release|Any CPU
	EndGlobalSection
	GlobalSection(SolutionProperties) = preSolution
		HideSolutionNode = FALSE
	EndGlobalSection
	GlobalSection(ExtensibilityGlobals) = postSolution
		SolutionGuid = {BC76C4D9-1FFD-4195-89A1-071CCC6F63E0}
	EndGlobalSection
EndGlobal
